
Microsoft Visual Studio Solution File, Format Version 12.00
# Visual Studio Version 16
VisualStudioVersion = 16.0.30717.126
MinimumVisualStudioVersion = 10.0.40219.1
Project("{9C14A691-5DC9-4575-98C5-5ED162C06A22}") = "RelativityPrompt", "RelativityPrompt\RelativityPrompt.csproj", "{80216E86-E5E3-409B-8896-CAC97637F042}"
EndProject
Global
	GlobalSection(SolutionConfigurationPlatforms) = preSolution
		Debug|Any CPU = Debug|Any CPU
		Release|Any CPU = Release|Any CPU
	EndGlobalSection
	GlobalSection(ProjectConfigurationPlatforms) = postSolution
		{80216E86-E5E3-409B-8896-CAC97637F042}.Debug|Any CPU.ActiveCfg = Debug|Any CPU
		{80216E86-E5E3-409B-8896-CAC97637F042}.Debug|Any CPU.Build.0 = Debug|Any CPU
		{80216E86-E5E3-409B-8896-CAC97637F042}.Release|Any CPU.ActiveCfg = Release|Any CPU
		{80216E86-E5E3-409B-8896-CAC97637F042}.Release|Any CPU.Build.0 = Release|Any CPU
	EndGlobalSection
	GlobalSection(SolutionProperties) = preSolution
		HideSolutionNode = FALSE
	EndGlobalSection
	GlobalSection(ExtensibilityGlobals) = postSolution
		SolutionGuid = {B5569C32-CD18-4EBD-8F06-DC30A2E5F5D6}
	EndGlobalSection
EndGlobal
